
Microsoft Visual Studio Solution File, Format Version 12.00
# Visual Studio Version 17
VisualStudioVersion = 17.8.34511.84
MinimumVisualStudioVersion = 10.0.40219.1
Project("{9A19103F-16F7-4668-BE54-9A1E7A4F7556}") = "CKK.Logic", "CKK.Logic\CKK.Logic.csproj", "{7A56F47C-A961-4D83-8A3C-C0C1479CB74A}"
EndProject
Project("{9A19103F-16F7-4668-BE54-9A1E7A4F7556}") = "CKK.Tests", "CKK.Tests\CKK.Tests.csproj", "{13F8305F-E7EE-4AFB-991F-93D745809ABC}"
EndProject
Project("{9A19103F-16F7-4668-BE54-9A1E7A4F7556}") = "ConsoleApp1", "ConsoleApp1\ConsoleApp1.csproj", "{D06F60D1-E4B6-4515-8827-644B06C6A0C5}"
EndProject
Project("{FAE04EC0-301F-11D3-BF4B-00C04F79EFBC}") = "InventoryManagementForm", "InventoryManagementForm\InventoryManagementForm.csproj", "{21FA7E87-4A10-478E-BAF1-F8C85E7DBBB2}"
EndProject
Global
	GlobalSection(SolutionConfigurationPlatforms) = preSolution
		Debug|Any CPU = Debug|Any CPU
		Release|Any CPU = Release|Any CPU
	EndGlobalSection
	GlobalSection(ProjectConfigurationPlatforms) = postSolution
		{7A56F47C-A961-4D83-8A3C-C0C1479CB74A}.Debug|Any CPU.ActiveCfg = Debug|Any CPU
		{7A56F47C-A961-4D83-8A3C-C0C1479CB74A}.Debug|Any CPU.Build.0 = Debug|Any CPU
		{7A56F47C-A961-4D83-8A3C-C0C1479CB74A}.Release|Any CPU.ActiveCfg = Release|Any CPU
		{7A56F47C-A961-4D83-8A3C-C0C1479CB74A}.Release|Any CPU.Build.0 = Release|Any CPU
		{13F8305F-E7EE-4AFB-991F-93D745809ABC}.Debug|Any CPU.ActiveCfg = Debug|Any CPU
		{13F8305F-E7EE-4AFB-991F-93D745809ABC}.Debug|Any CPU.Build.0 = Debug|Any CPU
		{13F8305F-E7EE-4AFB-991F-93D745809ABC}.Release|Any CPU.ActiveCfg = Release|Any CPU
		{13F8305F-E7EE-4AFB-991F-93D745809ABC}.Release|Any CPU.Build.0 = Release|Any CPU
		{D06F60D1-E4B6-4515-8827-644B06C6A0C5}.Debug|Any CPU.ActiveCfg = Debug|Any CPU
		{D06F60D1-E4B6-4515-8827-644B06C6A0C5}.Debug|Any CPU.Build.0 = Debug|Any CPU
		{D06F60D1-E4B6-4515-8827-644B06C6A0C5}.Release|Any CPU.ActiveCfg = Release|Any CPU
		{D06F60D1-E4B6-4515-8827-644B06C6A0C5}.Release|Any CPU.Build.0 = Release|Any CPU
		{21FA7E87-4A10-478E-BAF1-F8C85E7DBBB2}.Debug|Any CPU.ActiveCfg = Debug|Any CPU
		{21FA7E87-4A10-478E-BAF1-F8C85E7DBBB2}.Debug|Any CPU.Build.0 = Debug|Any CPU
		{21FA7E87-4A10-478E-BAF1-F8C85E7DBBB2}.Release|Any CPU.ActiveCfg = Release|Any CPU
		{21FA7E87-4A10-478E-BAF1-F8C85E7DBBB2}.Release|Any CPU.Build.0 = Release|Any CPU
	EndGlobalSection
	GlobalSection(SolutionProperties) = preSolution
		HideSolutionNode = FALSE
	EndGlobalSection
	GlobalSection(ExtensibilityGlobals) = postSolution
		SolutionGuid = {D279F183-A788-452C-B991-678309F47F51}
	EndGlobalSection
EndGlobal
